{
  "lockfileVersion": 1,
  "workspaces": {
    "": {
      "name": "remix-v3-examples",
      "dependencies": {
        "@preact/signals-core": "^1.12.1",
        "@reduxjs/toolkit": "^2.9.0",
        "@remix-run/dom": "^0.0.0-experimental-remix-jam.6",
        "@remix-run/events": "^0.0.0-experimental-remix-jam.5",
        "@tanstack/form-core": "^1.24.3",
        "@tanstack/query-core": "^5.90.3",
        "@tanstack/table-core": "^8.21.3",
        "@tanstack/virtual-core": "^3.13.12",
        "jotai": "^2.15.0",
        "motion": "^12.23.24",
        "rxjs": "^7.8.2",
        "xstate": "^5.23.0",
        "zod": "^4.1.12",
        "zustand": "^5.0.8",
      },
      "devDependencies": {
        "@types/bun": "latest",
      },
      "peerDependencies": {
        "typescript": "^5",
      },
    },
  },
  "packages": {
    "@preact/signals-core": ["@preact/signals-core@1.12.1", "", {}, "sha512-BwbTXpj+9QutoZLQvbttRg5x3l5468qaV2kufh+51yha1c53ep5dY4kTuZR35+3pAZxpfQerGJiQqg34ZNZ6uA=="],

    "@reduxjs/toolkit": ["@reduxjs/toolkit@2.9.0", "", { "dependencies": { "@standard-schema/spec": "^1.0.0", "@standard-schema/utils": "^0.3.0", "immer": "^10.0.3", "redux": "^5.0.1", "redux-thunk": "^3.1.0", "reselect": "^5.1.0" }, "peerDependencies": { "react": "^16.9.0 || ^17.0.0 || ^18 || ^19", "react-redux": "^7.2.1 || ^8.1.3 || ^9.0.0" }, "optionalPeers": ["react", "react-redux"] }, "sha512-fSfQlSRu9Z5yBkvsNhYF2rPS8cGXn/TZVrlwN1948QyZ8xMZ0JvP50S2acZNaf+o63u6aEeMjipFyksjIcWrog=="],

    "@remix-run/dom": ["@remix-run/dom@0.0.0-experimental-remix-jam.6", "", { "dependencies": { "@remix-run/events": "0.0.0-experimental-remix-jam.5", "@remix-run/style": "0.0.0-experimental-remix-jam.5" } }, "sha512-eQguiFB+Qm0EAA1xK1jLew2M9jp2rGcN+tknPv9gQd5nhT+eetwt3BHaYt9UcJWd3+p0g0cBt23CJrQOK2WStQ=="],

    "@remix-run/events": ["@remix-run/events@0.0.0-experimental-remix-jam.5", "", {}, "sha512-rbKP27/YkLZq0gbCy3QpwaHQzJg41IgbC//8SggPgMtWxZdxkcnkWmQGMLH0xwQcBlZ3yLtZRDQvL+ir4GAA6g=="],

    "@remix-run/style": ["@remix-run/style@0.0.0-experimental-remix-jam.5", "", {}, "sha512-XXCOWiY6lGqeJrGQ47JP5fFFuZXbBsFjBbTu46FNxsox1cny8ZPyZ7C674kX92UimGpOU+zv/lPOoU+ZWGim+w=="],

    "@standard-schema/spec": ["@standard-schema/spec@1.0.0", "", {}, "sha512-m2bOd0f2RT9k8QJx1JN85cZYyH1RqFBdlwtkSlf4tBDYLCiiZnv1fIIwacK6cqwXavOydf0NPToMQgpKq+dVlA=="],

    "@standard-schema/utils": ["@standard-schema/utils@0.3.0", "", {}, "sha512-e7Mew686owMaPJVNNLs55PUvgz371nKgwsc4vxE49zsODpJEnxgxRo2y/OKrqueavXgZNMDVj3DdHFlaSAeU8g=="],

    "@tanstack/devtools-event-client": ["@tanstack/devtools-event-client@0.3.3", "", {}, "sha512-RfV+OPV/M3CGryYqTue684u10jUt55PEqeBOnOtCe6tAmHI9Iqyc8nHeDhWPEV9715gShuauFVaMc9RiUVNdwg=="],

    "@tanstack/form-core": ["@tanstack/form-core@1.24.3", "", { "dependencies": { "@tanstack/devtools-event-client": "^0.3.2", "@tanstack/store": "^0.7.7" } }, "sha512-e+HzSD49NWr4aIqJWtPPzmi+/phBJAP3nSPN8dvxwmJWqAxuB/cH138EcmCFf3+oA7j3BXvwvTY0I+8UweGPjQ=="],

    "@tanstack/query-core": ["@tanstack/query-core@5.90.3", "", {}, "sha512-HtPOnCwmx4dd35PfXU8jjkhwYrsHfuqgC8RCJIwWglmhIUIlzPP0ZcEkDAc+UtAWCiLm7T8rxeEfHZlz3hYMCA=="],

    "@tanstack/store": ["@tanstack/store@0.7.7", "", {}, "sha512-xa6pTan1bcaqYDS9BDpSiS63qa6EoDkPN9RsRaxHuDdVDNntzq3xNwR5YKTU/V3SkSyC9T4YVOPh2zRQN0nhIQ=="],

    "@tanstack/table-core": ["@tanstack/table-core@8.21.3", "", {}, "sha512-ldZXEhOBb8Is7xLs01fR3YEc3DERiz5silj8tnGkFZytt1abEvl/GhUmCE0PMLaMPTa3Jk4HbKmRlHmu+gCftg=="],

    "@tanstack/virtual-core": ["@tanstack/virtual-core@3.13.12", "", {}, "sha512-1YBOJfRHV4sXUmWsFSf5rQor4Ss82G8dQWLRbnk3GA4jeP8hQt1hxXh0tmflpC0dz3VgEv/1+qwPyLeWkQuPFA=="],

    "@types/bun": ["@types/bun@1.3.0", "", { "dependencies": { "bun-types": "1.3.0" } }, "sha512-+lAGCYjXjip2qY375xX/scJeVRmZ5cY0wyHYyCYxNcdEXrQ4AOe3gACgd4iQ8ksOslJtW4VNxBJ8llUwc3a6AA=="],

    "@types/node": ["@types/node@24.7.2", "", { "dependencies": { "undici-types": "~7.14.0" } }, "sha512-/NbVmcGTP+lj5oa4yiYxxeBjRivKQ5Ns1eSZeB99ExsEQ6rX5XYU1Zy/gGxY/ilqtD4Etx9mKyrPxZRetiahhA=="],

    "@types/react": ["@types/react@19.2.2", "", { "dependencies": { "csstype": "^3.0.2" } }, "sha512-6mDvHUFSjyT2B2yeNx2nUgMxh9LtOWvkhIU3uePn2I2oyNymUAX1NIsdgviM4CH+JSrp2D2hsMvJOkxY+0wNRA=="],

    "bun-types": ["bun-types@1.3.0", "", { "dependencies": { "@types/node": "*" }, "peerDependencies": { "@types/react": "^19" } }, "sha512-u8X0thhx+yJ0KmkxuEo9HAtdfgCBaM/aI9K90VQcQioAmkVp3SG3FkwWGibUFz3WdXAdcsqOcbU40lK7tbHdkQ=="],

    "csstype": ["csstype@3.1.3", "", {}, "sha512-M1uQkMl8rQK/szD0LNhtqxIPLpimGm8sOBwU7lLnCpSbTyY3yeU1Vc7l4KT5zT4s/yOxHH5O7tIuuLOCnLADRw=="],

    "framer-motion": ["framer-motion@12.23.24", "", { "dependencies": { "motion-dom": "^12.23.23", "motion-utils": "^12.23.6", "tslib": "^2.4.0" }, "peerDependencies": { "@emotion/is-prop-valid": "*", "react": "^18.0.0 || ^19.0.0", "react-dom": "^18.0.0 || ^19.0.0" }, "optionalPeers": ["@emotion/is-prop-valid", "react", "react-dom"] }, "sha512-HMi5HRoRCTou+3fb3h9oTLyJGBxHfW+HnNE25tAXOvVx/IvwMHK0cx7IR4a2ZU6sh3IX1Z+4ts32PcYBOqka8w=="],

    "immer": ["immer@10.1.3", "", {}, "sha512-tmjF/k8QDKydUlm3mZU+tjM6zeq9/fFpPqH9SzWmBnVVKsPBg/V66qsMwb3/Bo90cgUN+ghdVBess+hPsxUyRw=="],

    "jotai": ["jotai@2.15.0", "", { "peerDependencies": { "@babel/core": ">=7.0.0", "@babel/template": ">=7.0.0", "@types/react": ">=17.0.0", "react": ">=17.0.0" }, "optionalPeers": ["@babel/core", "@babel/template", "@types/react", "react"] }, "sha512-nbp/6jN2Ftxgw0VwoVnOg0m5qYM1rVcfvij+MZx99Z5IK13eGve9FJoCwGv+17JvVthTjhSmNtT5e1coJnr6aw=="],

    "motion": ["motion@12.23.24", "", { "dependencies": { "framer-motion": "^12.23.24", "tslib": "^2.4.0" }, "peerDependencies": { "@emotion/is-prop-valid": "*", "react": "^18.0.0 || ^19.0.0", "react-dom": "^18.0.0 || ^19.0.0" }, "optionalPeers": ["@emotion/is-prop-valid", "react", "react-dom"] }, "sha512-Rc5E7oe2YZ72N//S3QXGzbnXgqNrTESv8KKxABR20q2FLch9gHLo0JLyYo2hZ238bZ9Gx6cWhj9VO0IgwbMjCw=="],

    "motion-dom": ["motion-dom@12.23.23", "", { "dependencies": { "motion-utils": "^12.23.6" } }, "sha512-n5yolOs0TQQBRUFImrRfs/+6X4p3Q4n1dUEqt/H58Vx7OW6RF+foWEgmTVDhIWJIMXOuNNL0apKH2S16en9eiA=="],

    "motion-utils": ["motion-utils@12.23.6", "", {}, "sha512-eAWoPgr4eFEOFfg2WjIsMoqJTW6Z8MTUCgn/GZ3VRpClWBdnbjryiA3ZSNLyxCTmCQx4RmYX6jX1iWHbenUPNQ=="],

    "redux": ["redux@5.0.1", "", {}, "sha512-M9/ELqF6fy8FwmkpnF0S3YKOqMyoWJ4+CS5Efg2ct3oY9daQvd/Pc71FpGZsVsbl3Cpb+IIcjBDUnnyBdQbq4w=="],

    "redux-thunk": ["redux-thunk@3.1.0", "", { "peerDependencies": { "redux": "^5.0.0" } }, "sha512-NW2r5T6ksUKXCabzhL9z+h206HQw/NJkcLm1GPImRQ8IzfXwRGqjVhKJGauHirT0DAuyy6hjdnMZaRoAcy0Klw=="],

    "reselect": ["reselect@5.1.1", "", {}, "sha512-K/BG6eIky/SBpzfHZv/dd+9JBFiS4SWV7FIujVyJRux6e45+73RaUHXLmIR1f7WOMaQ0U1km6qwklRQxpJJY0w=="],

    "rxjs": ["rxjs@7.8.2", "", { "dependencies": { "tslib": "^2.1.0" } }, "sha512-dhKf903U/PQZY6boNNtAGdWbG85WAbjT/1xYoZIC7FAY0yWapOBQVsVrDl58W86//e1VpMNBtRV4MaXfdMySFA=="],

    "tslib": ["tslib@2.8.1", "", {}, "sha512-oJFu94HQb+KVduSUQL7wnpmqnfmLsOA/nAh6b6EH0wCEoK0/mPeXU6c3wKDV83MkOuHPRHtSXKKU99IBazS/2w=="],

    "typescript": ["typescript@5.9.3", "", { "bin": { "tsc": "bin/tsc", "tsserver": "bin/tsserver" } }, "sha512-jl1vZzPDinLr9eUt3J/t7V6FgNEw9QjvBPdysz9KfQDD41fQrC2Y4vKQdiaUpFT4bXlb1RHhLpp8wtm6M5TgSw=="],

    "undici-types": ["undici-types@7.14.0", "", {}, "sha512-QQiYxHuyZ9gQUIrmPo3IA+hUl4KYk8uSA7cHrcKd/l3p1OTpZcM0Tbp9x7FAtXdAYhlasd60ncPpgu6ihG6TOA=="],

    "xstate": ["xstate@5.23.0", "", {}, "sha512-jo126xWXkU6ySQ91n51+H2xcgnMuZcCQpQoD3FQ79d32a6RQvryRh8rrDHnH4WDdN/yg5xNjlIRol9ispMvzeg=="],

    "zod": ["zod@4.1.12", "", {}, "sha512-JInaHOamG8pt5+Ey8kGmdcAcg3OL9reK8ltczgHTAwNhMys/6ThXHityHxVV2p3fkw/c+MAvBHFVYHFZDmjMCQ=="],

    "zustand": ["zustand@5.0.8", "", { "peerDependencies": { "@types/react": ">=18.0.0", "immer": ">=9.0.6", "react": ">=18.0.0", "use-sync-external-store": ">=1.2.0" }, "optionalPeers": ["@types/react", "immer", "react", "use-sync-external-store"] }, "sha512-gyPKpIaxY9XcO2vSMrLbiER7QMAMGOQZVRdJ6Zi782jkbzZygq5GI9nG8g+sMgitRtndwaBSl7uiqC49o1SSiw=="],
  }
}
