{
  "lockfileVersion": 1,
  "workspaces": {
    "": {
      "name": "remix-v3-examples",
      "dependencies": {
        "@floating-ui/dom": "^1.7.4",
        "@formatjs/intl": "^3.1.8",
        "@legendapp/state": "^2.1.15",
        "@popperjs/core": "^2.11.8",
        "@preact/signals-core": "^1.12.1",
        "@reduxjs/toolkit": "^2.9.0",
        "@remix-run/dom": "^0.0.0-experimental-remix-jam.6",
        "@remix-run/events": "^0.0.0-experimental-remix-jam.5",
        "@tanstack/form-core": "^1.24.3",
        "@tanstack/query-core": "^5.90.3",
        "@tanstack/table-core": "^8.21.3",
        "@tanstack/virtual-core": "^3.13.12",
        "@tiptap/core": "^3.7.2",
        "@tiptap/pm": "^3.7.2",
        "@tiptap/starter-kit": "^3.7.2",
        "@xstate/store": "^3.11.1",
        "fuse.js": "^7.1.0",
        "highlight.js": "^11.11.1",
        "htm": "^3.1.1",
        "i18next": "^25.6.0",
        "idb": "^8.0.3",
        "jotai": "^2.15.0",
        "localforage": "^1.10.0",
        "marked": "^16.4.1",
        "match-sorter": "^8.1.0",
        "mobx": "^6.15.0",
        "motion": "^12.23.24",
        "nanostores": "^1.0.1",
        "rxjs": "^7.8.2",
        "valtio": "^2.1.8",
        "xstate": "^5.23.0",
        "zod": "^4.1.12",
        "zustand": "^5.0.8",
      },
      "devDependencies": {
        "@types/bun": "latest",
        "bun-plugin-tailwind": "^0.1.2",
        "tailwindcss": "^4.1.15",
      },
      "peerDependencies": {
        "typescript": "^5",
      },
    },
  },
  "packages": {
    "@babel/runtime": ["@babel/runtime@7.28.4", "", {}, "sha512-Q/N6JNWvIvPnLDvjlE1OUBLPQHH6l3CltCEsHIujp45zQUSSh8K+gHnaEX45yAT1nyngnINhvWtzN+Nb9D8RAQ=="],

    "@floating-ui/core": ["@floating-ui/core@1.7.3", "", { "dependencies": { "@floating-ui/utils": "^0.2.10" } }, "sha512-sGnvb5dmrJaKEZ+LDIpguvdX3bDlEllmv4/ClQ9awcmCZrlx5jQyyMWFM5kBI+EyNOCDDiKk8il0zeuX3Zlg/w=="],

    "@floating-ui/dom": ["@floating-ui/dom@1.7.4", "", { "dependencies": { "@floating-ui/core": "^1.7.3", "@floating-ui/utils": "^0.2.10" } }, "sha512-OOchDgh4F2CchOX94cRVqhvy7b3AFb+/rQXyswmzmGakRfkMgoWVjfnLWkRirfLEfuD4ysVW16eXzwt3jHIzKA=="],

    "@floating-ui/utils": ["@floating-ui/utils@0.2.10", "", {}, "sha512-aGTxbpbg8/b5JfU1HXSrbH3wXZuLPJcNEcZQFMxLs3oSzgtVu6nFPkbbGGUvBcUjKV2YyB9Wxxabo+HEH9tcRQ=="],

    "@formatjs/ecma402-abstract": ["@formatjs/ecma402-abstract@2.3.6", "", { "dependencies": { "@formatjs/fast-memoize": "2.2.7", "@formatjs/intl-localematcher": "0.6.2", "decimal.js": "^10.4.3", "tslib": "^2.8.0" } }, "sha512-HJnTFeRM2kVFVr5gr5kH1XP6K0JcJtE7Lzvtr3FS/so5f1kpsqqqxy5JF+FRaO6H2qmcMfAUIox7AJteieRtVw=="],

    "@formatjs/fast-memoize": ["@formatjs/fast-memoize@2.2.7", "", { "dependencies": { "tslib": "^2.8.0" } }, "sha512-Yabmi9nSvyOMrlSeGGWDiH7rf3a7sIwplbvo/dlz9WCIjzIQAfy1RMf4S0X3yG724n5Ghu2GmEl5NJIV6O9sZQ=="],

    "@formatjs/icu-messageformat-parser": ["@formatjs/icu-messageformat-parser@2.11.4", "", { "dependencies": { "@formatjs/ecma402-abstract": "2.3.6", "@formatjs/icu-skeleton-parser": "1.8.16", "tslib": "^2.8.0" } }, "sha512-7kR78cRrPNB4fjGFZg3Rmj5aah8rQj9KPzuLsmcSn4ipLXQvC04keycTI1F7kJYDwIXtT2+7IDEto842CfZBtw=="],

    "@formatjs/icu-skeleton-parser": ["@formatjs/icu-skeleton-parser@1.8.16", "", { "dependencies": { "@formatjs/ecma402-abstract": "2.3.6", "tslib": "^2.8.0" } }, "sha512-H13E9Xl+PxBd8D5/6TVUluSpxGNvFSlN/b3coUp0e0JpuWXXnQDiavIpY3NnvSp4xhEMoXyyBvVfdFX8jglOHQ=="],

    "@formatjs/intl": ["@formatjs/intl@3.1.8", "", { "dependencies": { "@formatjs/ecma402-abstract": "2.3.6", "@formatjs/fast-memoize": "2.2.7", "@formatjs/icu-messageformat-parser": "2.11.4", "intl-messageformat": "10.7.18", "tslib": "^2.8.0" }, "peerDependencies": { "typescript": "^5.6.0" }, "optionalPeers": ["typescript"] }, "sha512-LWXgwI5zTMatvR8w8kCNh/priDTOF/ZssokMBHJ7ZWXFoYLVOYo0EJERD9Eajv+xsfQO1QkuAt77KWQ1OI4mOQ=="],

    "@formatjs/intl-localematcher": ["@formatjs/intl-localematcher@0.6.2", "", { "dependencies": { "tslib": "^2.8.0" } }, "sha512-XOMO2Hupl0wdd172Y06h6kLpBz6Dv+J4okPLl4LPtzbr8f66WbIoy4ev98EBuZ6ZK4h5ydTN6XneT4QVpD7cdA=="],

    "@legendapp/state": ["@legendapp/state@2.1.15", "", { "dependencies": { "use-sync-external-store": "^1.2.0" }, "peerDependencies": { "react": ">=16.8.0" }, "optionalPeers": ["react"] }, "sha512-7/8Rgg7m38eznupr36QJeSkrtbhVxaRtQvRMjdBigSm+HW3ZIFgMtUX1DqZ2hJxbPqqAJamw5s+TLs8dRstUNw=="],

    "@oven/bun-darwin-aarch64": ["@oven/bun-darwin-aarch64@1.3.0", "", { "os": "darwin", "cpu": "arm64" }, "sha512-WeXSaL29ylJEZMYHHW28QZ6rgAbxQ1KuNSZD9gvd3fPlo0s6s2PglvPArjjP07nmvIK9m4OffN0k4M98O7WmAg=="],

    "@oven/bun-darwin-x64": ["@oven/bun-darwin-x64@1.3.0", "", { "os": "darwin", "cpu": "x64" }, "sha512-CFKjoUWQH0Oz3UHYfKbdKLq0wGryrFsTJEYq839qAwHQSECvVZYAnxVVDYUDa0yQFonhO2qSHY41f6HK+b7xtw=="],

    "@oven/bun-darwin-x64-baseline": ["@oven/bun-darwin-x64-baseline@1.3.0", "", { "os": "darwin", "cpu": "x64" }, "sha512-+FSr/ub5vA/EkD3fMhHJUzYioSf/sXd50OGxNDAntVxcDu4tXL/81Ka3R/gkZmjznpLFIzovU/1Ts+b7dlkrfw=="],

    "@oven/bun-linux-aarch64": ["@oven/bun-linux-aarch64@1.3.0", "", { "os": "linux", "cpu": "arm64" }, "sha512-WHthS/eLkCNcp9pk4W8aubRl9fIUgt2XhHyLrP0GClB1FVvmodu/zIOtG0NXNpzlzB8+gglOkGo4dPjfVf4Z+g=="],

    "@oven/bun-linux-aarch64-musl": ["@oven/bun-linux-aarch64-musl@1.3.0", "", { "os": "linux", "cpu": "arm64" }, "sha512-HT5sr7N8NDYbQRjAnT7ISpx64y+ewZZRQozOJb0+KQObKvg4UUNXGm4Pn1xA4/WPMZDDazjO8E2vtOQw1nJlAQ=="],

    "@oven/bun-linux-x64": ["@oven/bun-linux-x64@1.3.0", "", { "os": "linux", "cpu": "x64" }, "sha512-sGEWoJQXO4GDr0x4t/yJQ/Bq1yNkOdX9tHbZZ+DBGJt3z3r7jeb4Digv8xQUk6gdTFC9vnGHuin+KW3/yD1Aww=="],

    "@oven/bun-linux-x64-baseline": ["@oven/bun-linux-x64-baseline@1.3.0", "", { "os": "linux", "cpu": "x64" }, "sha512-OmlEH3nlxQyv7HOvTH21vyNAZGv9DIPnrTznzvKiOQxkOphhCyKvPTlF13ydw4s/i18iwaUrhHy+YG9HSSxa4Q=="],

    "@oven/bun-linux-x64-musl": ["@oven/bun-linux-x64-musl@1.3.0", "", { "os": "linux", "cpu": "x64" }, "sha512-rtzUEzCynl3Rhgn/iR9DQezSFiZMcAXAbU+xfROqsweMGKwvwIA2ckyyckO08psEP8XcUZTs3LT9CH7PnaMiEA=="],

    "@oven/bun-linux-x64-musl-baseline": ["@oven/bun-linux-x64-musl-baseline@1.3.0", "", { "os": "linux", "cpu": "x64" }, "sha512-hrr7mDvUjMX1tuJaXz448tMsgKIqGJBY8+rJqztKOw1U5+a/v2w5HuIIW1ce7ut0ZwEn+KIDvAujlPvpH33vpQ=="],

    "@oven/bun-windows-x64": ["@oven/bun-windows-x64@1.3.0", "", { "os": "win32", "cpu": "x64" }, "sha512-xXwtpZVVP7T+vkxcF/TUVVOGRjEfkByO4mKveKYb4xnHWV4u4NnV0oNmzyMKkvmj10to5j2h0oZxA4ZVVv4gfA=="],

    "@oven/bun-windows-x64-baseline": ["@oven/bun-windows-x64-baseline@1.3.0", "", { "os": "win32", "cpu": "x64" }, "sha512-/jVZ8eYjpYHLDFNoT86cP+AjuWvpkzFY+0R0a1bdeu0sQ6ILuy1FV6hz1hUAP390E09VCo5oP76fnx29giHTtA=="],

    "@popperjs/core": ["@popperjs/core@2.11.8", "", {}, "sha512-P1st0aksCrn9sGZhp8GMYwBnQsbvAWsZAX44oXNNvLHGqAOcoVxmjZiohstwQ7SqKnbR47akdNi+uleWD8+g6A=="],

    "@preact/signals-core": ["@preact/signals-core@1.12.1", "", {}, "sha512-BwbTXpj+9QutoZLQvbttRg5x3l5468qaV2kufh+51yha1c53ep5dY4kTuZR35+3pAZxpfQerGJiQqg34ZNZ6uA=="],

    "@reduxjs/toolkit": ["@reduxjs/toolkit@2.9.0", "", { "dependencies": { "@standard-schema/spec": "^1.0.0", "@standard-schema/utils": "^0.3.0", "immer": "^10.0.3", "redux": "^5.0.1", "redux-thunk": "^3.1.0", "reselect": "^5.1.0" }, "peerDependencies": { "react": "^16.9.0 || ^17.0.0 || ^18 || ^19", "react-redux": "^7.2.1 || ^8.1.3 || ^9.0.0" }, "optionalPeers": ["react", "react-redux"] }, "sha512-fSfQlSRu9Z5yBkvsNhYF2rPS8cGXn/TZVrlwN1948QyZ8xMZ0JvP50S2acZNaf+o63u6aEeMjipFyksjIcWrog=="],

    "@remirror/core-constants": ["@remirror/core-constants@3.0.0", "", {}, "sha512-42aWfPrimMfDKDi4YegyS7x+/0tlzaqwPQCULLanv3DMIlu96KTJR0fM5isWX2UViOqlGnX6YFgqWepcX+XMNg=="],

    "@remix-run/dom": ["@remix-run/dom@0.0.0-experimental-remix-jam.6", "", { "dependencies": { "@remix-run/events": "0.0.0-experimental-remix-jam.5", "@remix-run/style": "0.0.0-experimental-remix-jam.5" } }, "sha512-eQguiFB+Qm0EAA1xK1jLew2M9jp2rGcN+tknPv9gQd5nhT+eetwt3BHaYt9UcJWd3+p0g0cBt23CJrQOK2WStQ=="],

    "@remix-run/events": ["@remix-run/events@0.0.0-experimental-remix-jam.5", "", {}, "sha512-rbKP27/YkLZq0gbCy3QpwaHQzJg41IgbC//8SggPgMtWxZdxkcnkWmQGMLH0xwQcBlZ3yLtZRDQvL+ir4GAA6g=="],

    "@remix-run/style": ["@remix-run/style@0.0.0-experimental-remix-jam.5", "", {}, "sha512-XXCOWiY6lGqeJrGQ47JP5fFFuZXbBsFjBbTu46FNxsox1cny8ZPyZ7C674kX92UimGpOU+zv/lPOoU+ZWGim+w=="],

    "@standard-schema/spec": ["@standard-schema/spec@1.0.0", "", {}, "sha512-m2bOd0f2RT9k8QJx1JN85cZYyH1RqFBdlwtkSlf4tBDYLCiiZnv1fIIwacK6cqwXavOydf0NPToMQgpKq+dVlA=="],

    "@standard-schema/utils": ["@standard-schema/utils@0.3.0", "", {}, "sha512-e7Mew686owMaPJVNNLs55PUvgz371nKgwsc4vxE49zsODpJEnxgxRo2y/OKrqueavXgZNMDVj3DdHFlaSAeU8g=="],

    "@tanstack/devtools-event-client": ["@tanstack/devtools-event-client@0.3.3", "", {}, "sha512-RfV+OPV/M3CGryYqTue684u10jUt55PEqeBOnOtCe6tAmHI9Iqyc8nHeDhWPEV9715gShuauFVaMc9RiUVNdwg=="],

    "@tanstack/form-core": ["@tanstack/form-core@1.24.3", "", { "dependencies": { "@tanstack/devtools-event-client": "^0.3.2", "@tanstack/store": "^0.7.7" } }, "sha512-e+HzSD49NWr4aIqJWtPPzmi+/phBJAP3nSPN8dvxwmJWqAxuB/cH138EcmCFf3+oA7j3BXvwvTY0I+8UweGPjQ=="],

    "@tanstack/query-core": ["@tanstack/query-core@5.90.3", "", {}, "sha512-HtPOnCwmx4dd35PfXU8jjkhwYrsHfuqgC8RCJIwWglmhIUIlzPP0ZcEkDAc+UtAWCiLm7T8rxeEfHZlz3hYMCA=="],

    "@tanstack/store": ["@tanstack/store@0.7.7", "", {}, "sha512-xa6pTan1bcaqYDS9BDpSiS63qa6EoDkPN9RsRaxHuDdVDNntzq3xNwR5YKTU/V3SkSyC9T4YVOPh2zRQN0nhIQ=="],

    "@tanstack/table-core": ["@tanstack/table-core@8.21.3", "", {}, "sha512-ldZXEhOBb8Is7xLs01fR3YEc3DERiz5silj8tnGkFZytt1abEvl/GhUmCE0PMLaMPTa3Jk4HbKmRlHmu+gCftg=="],

    "@tanstack/virtual-core": ["@tanstack/virtual-core@3.13.12", "", {}, "sha512-1YBOJfRHV4sXUmWsFSf5rQor4Ss82G8dQWLRbnk3GA4jeP8hQt1hxXh0tmflpC0dz3VgEv/1+qwPyLeWkQuPFA=="],

    "@tiptap/core": ["@tiptap/core@3.7.2", "", { "peerDependencies": { "@tiptap/pm": "^3.7.2" } }, "sha512-fJwNpTx0aq4UU0HNkxPvPYfNBcTHQ/q5xBUdOB5Mgu6clwGES38jVsNNSudB8g53APUmJIS+2fJbkxl3V+0jww=="],

    "@tiptap/extension-blockquote": ["@tiptap/extension-blockquote@3.7.2", "", { "peerDependencies": { "@tiptap/core": "^3.7.2" } }, "sha512-8rNDh1E1ratex9KicvNNnjJGtF313Kpf5hXHOUcIm8FQwvA/0Tu6jq7r6VgESMyo95R3EmzRpnCYQef+zDm6OQ=="],

    "@tiptap/extension-bold": ["@tiptap/extension-bold@3.7.2", "", { "peerDependencies": { "@tiptap/core": "^3.7.2" } }, "sha512-bwCn9lQEXnEi7LfIx3G/oaH4I0ZapAgrHzLCNJH/tNgRKVWym1H1Oa8PlkiFDbalWOdUkbgeAUqUaIB13k408Q=="],

    "@tiptap/extension-bullet-list": ["@tiptap/extension-bullet-list@3.7.2", "", { "peerDependencies": { "@tiptap/extension-list": "^3.7.2" } }, "sha512-OHYYXKjmxisLQws0tW8Dz14PcyIJmaed7eypZvIm/R3hxa/7lJY/2EM/Ti5g/w1U8WPBEH1hX3icRtiulserKw=="],

    "@tiptap/extension-code": ["@tiptap/extension-code@3.7.2", "", { "peerDependencies": { "@tiptap/core": "^3.7.2" } }, "sha512-J8FaCiKJJnHvQiPcbfbUtc5RNmGx/Gui/K5CDMPc17jhCiQ9JhR9idRPREV24Z2t7GujWX7LG6ZDDR82pSns+g=="],

    "@tiptap/extension-code-block": ["@tiptap/extension-code-block@3.7.2", "", { "peerDependencies": { "@tiptap/core": "^3.7.2", "@tiptap/pm": "^3.7.2" } }, "sha512-TfixutvvbGCrSSCsfDK/PBm6A5FIzcPTSVDrmmsiAfqldj/Woy1T42dads+wv9SjKG06GlWDwYtDGAk2Uun8NA=="],

    "@tiptap/extension-document": ["@tiptap/extension-document@3.7.2", "", { "peerDependencies": { "@tiptap/core": "^3.7.2" } }, "sha512-OrHl402v2FWCUKR1Xi5MTNBAkKYQh7mtpw/WlJDFnk5z1qHLqz4UIcbGilDYzVPrNUZPhA1p3c+V5UUVUFzUfg=="],

    "@tiptap/extension-dropcursor": ["@tiptap/extension-dropcursor@3.7.2", "", { "peerDependencies": { "@tiptap/extensions": "^3.7.2" } }, "sha512-79y6M9pJYwqcqBHIWoomfptJp0QB/TP3Y+2NOL09sMNeSdUgmz5pCVObA4H48YMkoB0EcUtux2IUOM66e4nsJA=="],

    "@tiptap/extension-gapcursor": ["@tiptap/extension-gapcursor@3.7.2", "", { "peerDependencies": { "@tiptap/extensions": "^3.7.2" } }, "sha512-vCLo2dL2SfeWjh/gJKDiu0/fz6OF7obGTJvHg/yStkoUqlAEiwKoyHP/NXeTGYJMzZzUi0kY9DtTEJdGFvphuQ=="],

    "@tiptap/extension-hard-break": ["@tiptap/extension-hard-break@3.7.2", "", { "peerDependencies": { "@tiptap/core": "^3.7.2" } }, "sha512-nNDo+5S1yRQ3JkBM+gwpEEVZ/Kw9qWoG/cpShyGYDHo1/y8MgO+VI0kSb/LuBTw7g+jmNXdf+ZaRRI/pXsUihg=="],

    "@tiptap/extension-heading": ["@tiptap/extension-heading@3.7.2", "", { "peerDependencies": { "@tiptap/core": "^3.7.2" } }, "sha512-eH/G66FIRlTQz4MhEmlNNNQgVTxhoqlkyFzgeG5aipIplYOdYa5Y6Wl0NF4xqr1jAHGLAK6LaYS4FXp3TE7LyA=="],

    "@tiptap/extension-horizontal-rule": ["@tiptap/extension-horizontal-rule@3.7.2", "", { "peerDependencies": { "@tiptap/core": "^3.7.2", "@tiptap/pm": "^3.7.2" } }, "sha512-pN+1hJAVVP3uqtpZ5Rm7z5XUB/NGprK6wExJ04xG117E4rTVcaEb1FnMILY3J3A5XbdC3vHX+cblR8mOl1PAMw=="],

    "@tiptap/extension-italic": ["@tiptap/extension-italic@3.7.2", "", { "peerDependencies": { "@tiptap/core": "^3.7.2" } }, "sha512-1tfF37LvKgA5hg09UBgOjdMLNRb1C6keIOBF0r5oHKeWPYOf4z3j5IU9PsFUoOn53XRMb1aiD/TNbGPyoT3Fyw=="],

    "@tiptap/extension-link": ["@tiptap/extension-link@3.7.2", "", { "dependencies": { "linkifyjs": "^4.3.2" }, "peerDependencies": { "@tiptap/core": "^3.7.2", "@tiptap/pm": "^3.7.2" } }, "sha512-9K54PxBiDSWAMfICqkb8jcQ6cL7vDAtjTk0zqBw4d+XuaUy0FC9QUdbx7r1Pkbf36K1/ApbvM9a7qpOirWk8Xw=="],

    "@tiptap/extension-list": ["@tiptap/extension-list@3.7.2", "", { "peerDependencies": { "@tiptap/core": "^3.7.2", "@tiptap/pm": "^3.7.2" } }, "sha512-/tYHmEkOGcVweAc9ZgnAXkzua5aJfu7TjZcKTq5fmDt6x9MY1eY1+egS7D9hVR2sUSAC10VgXmYdYPDsKF3p2g=="],

    "@tiptap/extension-list-item": ["@tiptap/extension-list-item@3.7.2", "", { "peerDependencies": { "@tiptap/extension-list": "^3.7.2" } }, "sha512-962TFsx4eF5NMyLVhGFGF/btt5j3MipPhDiUsxzBgnlW8o5OonVepb9cDrqpEDQ2/wLvheWnCKuvmG7umasldQ=="],

    "@tiptap/extension-list-keymap": ["@tiptap/extension-list-keymap@3.7.2", "", { "peerDependencies": { "@tiptap/extension-list": "^3.7.2" } }, "sha512-1du9eo+NPIkuRT258yUn9bovhip556aJo/yDtRbswEVNScP1E8y/kFRWvw0HD7/YWcNqok1ZteoSwShWnKAXRQ=="],

    "@tiptap/extension-ordered-list": ["@tiptap/extension-ordered-list@3.7.2", "", { "peerDependencies": { "@tiptap/extension-list": "^3.7.2" } }, "sha512-Tu61/JXh1RRd3Kb+s7A7jmpnB+w1pqGSRfMXBtYHDHDIGyXu255ru7soX44lJfHGq/zYcTFSHGSsi8o23QONJg=="],

    "@tiptap/extension-paragraph": ["@tiptap/extension-paragraph@3.7.2", "", { "peerDependencies": { "@tiptap/core": "^3.7.2" } }, "sha512-HmDuAixTcvP4A/v6OLkh/C6nB86i7/DRNswBf/Udak8TgWUIcSUK0iActxxm5+B3MZTSf3U87JzyI6IeuElLIQ=="],

    "@tiptap/extension-strike": ["@tiptap/extension-strike@3.7.2", "", { "peerDependencies": { "@tiptap/core": "^3.7.2" } }, "sha512-I1G+4vZbCBTpAMmyVwaO8cLBJgXEf1DyEzc0B+HhTJiBa9qA9OKgRQEGFgisxu1kggjbzB6+d0+taHfjsZC1SQ=="],

    "@tiptap/extension-text": ["@tiptap/extension-text@3.7.2", "", { "peerDependencies": { "@tiptap/core": "^3.7.2" } }, "sha512-sKaeGYNP1+bAe2rvmzWLW5qH9DsSFOJlOUEOFchR0OX0rC7bbGS6/KuyAq0w6UkL+cMJnDyAbv3KeD2WEA192w=="],

    "@tiptap/extension-underline": ["@tiptap/extension-underline@3.7.2", "", { "peerDependencies": { "@tiptap/core": "^3.7.2" } }, "sha512-GDpUZllTD7uIdHjTzYJ6i4jUgCeviW40SCpLVVv1xH0gj1t1xu0Rnxmk+bXkF2XNe8jPXkMCgYNr6DR6eO8roQ=="],

    "@tiptap/extensions": ["@tiptap/extensions@3.7.2", "", { "peerDependencies": { "@tiptap/core": "^3.7.2", "@tiptap/pm": "^3.7.2" } }, "sha512-FaToSdU9fhQk2swkaXrAQNgdaE0dwLbUHcvilW5F4xTpQfZ3J535u5U2TUYf+f9KKSV5fTmD4QGNY9qxY7ihTg=="],

    "@tiptap/pm": ["@tiptap/pm@3.7.2", "", { "dependencies": { "prosemirror-changeset": "^2.3.0", "prosemirror-collab": "^1.3.1", "prosemirror-commands": "^1.6.2", "prosemirror-dropcursor": "^1.8.1", "prosemirror-gapcursor": "^1.3.2", "prosemirror-history": "^1.4.1", "prosemirror-inputrules": "^1.4.0", "prosemirror-keymap": "^1.2.2", "prosemirror-markdown": "^1.13.1", "prosemirror-menu": "^1.2.4", "prosemirror-model": "^1.24.1", "prosemirror-schema-basic": "^1.2.3", "prosemirror-schema-list": "^1.5.0", "prosemirror-state": "^1.4.3", "prosemirror-tables": "^1.6.4", "prosemirror-trailing-node": "^3.0.0", "prosemirror-transform": "^1.10.2", "prosemirror-view": "^1.38.1" } }, "sha512-i2fvXDapwo/TWfHM6STYEbkYyF3qyfN6KEBKPrleX/Z80G5bLxom0gB79TsjLNxTLi6mdf0vTHgAcXMG1avc2g=="],

    "@tiptap/starter-kit": ["@tiptap/starter-kit@3.7.2", "", { "dependencies": { "@tiptap/core": "^3.7.2", "@tiptap/extension-blockquote": "^3.7.2", "@tiptap/extension-bold": "^3.7.2", "@tiptap/extension-bullet-list": "^3.7.2", "@tiptap/extension-code": "^3.7.2", "@tiptap/extension-code-block": "^3.7.2", "@tiptap/extension-document": "^3.7.2", "@tiptap/extension-dropcursor": "^3.7.2", "@tiptap/extension-gapcursor": "^3.7.2", "@tiptap/extension-hard-break": "^3.7.2", "@tiptap/extension-heading": "^3.7.2", "@tiptap/extension-horizontal-rule": "^3.7.2", "@tiptap/extension-italic": "^3.7.2", "@tiptap/extension-link": "^3.7.2", "@tiptap/extension-list": "^3.7.2", "@tiptap/extension-list-item": "^3.7.2", "@tiptap/extension-list-keymap": "^3.7.2", "@tiptap/extension-ordered-list": "^3.7.2", "@tiptap/extension-paragraph": "^3.7.2", "@tiptap/extension-strike": "^3.7.2", "@tiptap/extension-text": "^3.7.2", "@tiptap/extension-underline": "^3.7.2", "@tiptap/extensions": "^3.7.2", "@tiptap/pm": "^3.7.2" } }, "sha512-43GwI+2Mtc/ci7J4eJOE02wZxp5KIsDTMMb0peNksPcEGaURGdDhav9zbAW24NRjRxU7Auk/zaQu9O8+ZE0v0A=="],

    "@types/bun": ["@types/bun@1.3.0", "", { "dependencies": { "bun-types": "1.3.0" } }, "sha512-+lAGCYjXjip2qY375xX/scJeVRmZ5cY0wyHYyCYxNcdEXrQ4AOe3gACgd4iQ8ksOslJtW4VNxBJ8llUwc3a6AA=="],

    "@types/linkify-it": ["@types/linkify-it@5.0.0", "", {}, "sha512-sVDA58zAw4eWAffKOaQH5/5j3XeayukzDk+ewSsnv3p4yJEZHCCzMDiZM8e0OUrRvmpGZ85jf4yDHkHsgBNr9Q=="],

    "@types/markdown-it": ["@types/markdown-it@14.1.2", "", { "dependencies": { "@types/linkify-it": "^5", "@types/mdurl": "^2" } }, "sha512-promo4eFwuiW+TfGxhi+0x3czqTYJkG8qB17ZUJiVF10Xm7NLVRSLUsfRTU/6h1e24VvRnXCx+hG7li58lkzog=="],

    "@types/mdurl": ["@types/mdurl@2.0.0", "", {}, "sha512-RGdgjQUZba5p6QEFAVx2OGb8rQDL/cPRG7GiedRzMcJ1tYnUANBncjbSB1NRGwbvjcPeikRABz2nshyPk1bhWg=="],

    "@types/node": ["@types/node@24.7.2", "", { "dependencies": { "undici-types": "~7.14.0" } }, "sha512-/NbVmcGTP+lj5oa4yiYxxeBjRivKQ5Ns1eSZeB99ExsEQ6rX5XYU1Zy/gGxY/ilqtD4Etx9mKyrPxZRetiahhA=="],

    "@types/react": ["@types/react@19.2.2", "", { "dependencies": { "csstype": "^3.0.2" } }, "sha512-6mDvHUFSjyT2B2yeNx2nUgMxh9LtOWvkhIU3uePn2I2oyNymUAX1NIsdgviM4CH+JSrp2D2hsMvJOkxY+0wNRA=="],

    "@xstate/store": ["@xstate/store@3.11.1", "", { "peerDependencies": { "react": "^18.2.0 || ^19.0.0", "solid-js": "^1.7.6" }, "optionalPeers": ["react", "solid-js"] }, "sha512-IneCkipaR1FCl6eW+mLeAtjZw99l/nnKQyF9u9Pmy/Jm/wo1gWrBQcZqkmZ+ea6iQ/+GFzsO3LVGYh16fBZKtA=="],

    "argparse": ["argparse@2.0.1", "", {}, "sha512-8+9WqebbFzpX9OR+Wa6O29asIogeRMzcGtAINdpMHHyAg10f05aSFVBbcEqGf/PXw1EjAZ+q2/bEBg3DvurK3Q=="],

    "bun": ["bun@1.3.0", "", { "optionalDependencies": { "@oven/bun-darwin-aarch64": "1.3.0", "@oven/bun-darwin-x64": "1.3.0", "@oven/bun-darwin-x64-baseline": "1.3.0", "@oven/bun-linux-aarch64": "1.3.0", "@oven/bun-linux-aarch64-musl": "1.3.0", "@oven/bun-linux-x64": "1.3.0", "@oven/bun-linux-x64-baseline": "1.3.0", "@oven/bun-linux-x64-musl": "1.3.0", "@oven/bun-linux-x64-musl-baseline": "1.3.0", "@oven/bun-windows-x64": "1.3.0", "@oven/bun-windows-x64-baseline": "1.3.0" }, "os": [ "linux", "win32", "darwin", ], "cpu": [ "x64", "arm64", ], "bin": { "bun": "bin/bun.exe", "bunx": "bin/bunx.exe" } }, "sha512-YI7mFs7iWc/VsGsh2aw6eAPD2cjzn1j+LKdYVk09x1CrdTWKYIHyd+dG5iQoN9//3hCDoZj8U6vKpZzEf5UARA=="],

    "bun-plugin-tailwind": ["bun-plugin-tailwind@0.1.2", "", { "peerDependencies": { "bun": ">=1.0.0" } }, "sha512-41jNC1tZRSK3s1o7pTNrLuQG8kL/0vR/JgiTmZAJ1eHwe0w5j6HFPKeqEk0WAD13jfrUC7+ULuewFBBCoADPpg=="],

    "bun-types": ["bun-types@1.3.0", "", { "dependencies": { "@types/node": "*" }, "peerDependencies": { "@types/react": "^19" } }, "sha512-u8X0thhx+yJ0KmkxuEo9HAtdfgCBaM/aI9K90VQcQioAmkVp3SG3FkwWGibUFz3WdXAdcsqOcbU40lK7tbHdkQ=="],

    "crelt": ["crelt@1.0.6", "", {}, "sha512-VQ2MBenTq1fWZUH9DJNGti7kKv6EeAuYr3cLwxUWhIu1baTaXh4Ib5W2CqHVqib4/MqbYGJqiL3Zb8GJZr3l4g=="],

    "csstype": ["csstype@3.1.3", "", {}, "sha512-M1uQkMl8rQK/szD0LNhtqxIPLpimGm8sOBwU7lLnCpSbTyY3yeU1Vc7l4KT5zT4s/yOxHH5O7tIuuLOCnLADRw=="],

    "decimal.js": ["decimal.js@10.6.0", "", {}, "sha512-YpgQiITW3JXGntzdUmyUR1V812Hn8T1YVXhCu+wO3OpS4eU9l4YdD3qjyiKdV6mvV29zapkMeD390UVEf2lkUg=="],

    "entities": ["entities@4.5.0", "", {}, "sha512-V0hjH4dGPh9Ao5p0MoRY6BVqtwCjhz6vI5LT8AJ55H+4g9/4vbHx1I54fS0XuclLhDHArPQCiMjDxjaL8fPxhw=="],

    "escape-string-regexp": ["escape-string-regexp@4.0.0", "", {}, "sha512-TtpcNJ3XAzx3Gq8sWRzJaVajRs0uVxA2YAkdb1jm2YkPz4G6egUFAyA3n5vtEIZefPk5Wa4UXbKuS5fKkJWdgA=="],

    "framer-motion": ["framer-motion@12.23.24", "", { "dependencies": { "motion-dom": "^12.23.23", "motion-utils": "^12.23.6", "tslib": "^2.4.0" }, "peerDependencies": { "@emotion/is-prop-valid": "*", "react": "^18.0.0 || ^19.0.0", "react-dom": "^18.0.0 || ^19.0.0" }, "optionalPeers": ["@emotion/is-prop-valid", "react", "react-dom"] }, "sha512-HMi5HRoRCTou+3fb3h9oTLyJGBxHfW+HnNE25tAXOvVx/IvwMHK0cx7IR4a2ZU6sh3IX1Z+4ts32PcYBOqka8w=="],

    "fuse.js": ["fuse.js@7.1.0", "", {}, "sha512-trLf4SzuuUxfusZADLINj+dE8clK1frKdmqiJNb1Es75fmI5oY6X2mxLVUciLLjxqw/xr72Dhy+lER6dGd02FQ=="],

    "highlight.js": ["highlight.js@11.11.1", "", {}, "sha512-Xwwo44whKBVCYoliBQwaPvtd/2tYFkRQtXDWj1nackaV2JPXx3L0+Jvd8/qCJ2p+ML0/XVkJ2q+Mr+UVdpJK5w=="],

    "htm": ["htm@3.1.1", "", {}, "sha512-983Vyg8NwUE7JkZ6NmOqpCZ+sh1bKv2iYTlUkzlWmA5JD2acKoxd4KVxbMmxX/85mtfdnDmTFoNKcg5DGAvxNQ=="],

    "i18next": ["i18next@25.6.0", "", { "dependencies": { "@babel/runtime": "^7.27.6" }, "peerDependencies": { "typescript": "^5" }, "optionalPeers": ["typescript"] }, "sha512-tTn8fLrwBYtnclpL5aPXK/tAYBLWVvoHM1zdfXoRNLcI+RvtMsoZRV98ePlaW3khHYKuNh/Q65W/+NVFUeIwVw=="],

    "idb": ["idb@8.0.3", "", {}, "sha512-LtwtVyVYO5BqRvcsKuB2iUMnHwPVByPCXFXOpuU96IZPPoPN6xjOGxZQ74pgSVVLQWtUOYgyeL4GE98BY5D3wg=="],

    "immediate": ["immediate@3.0.6", "", {}, "sha512-XXOFtyqDjNDAQxVfYxuF7g9Il/IbWmmlQg2MYKOH8ExIT1qg6xc4zyS3HaEEATgs1btfzxq15ciUiY7gjSXRGQ=="],

    "immer": ["immer@10.1.3", "", {}, "sha512-tmjF/k8QDKydUlm3mZU+tjM6zeq9/fFpPqH9SzWmBnVVKsPBg/V66qsMwb3/Bo90cgUN+ghdVBess+hPsxUyRw=="],

    "intl-messageformat": ["intl-messageformat@10.7.18", "", { "dependencies": { "@formatjs/ecma402-abstract": "2.3.6", "@formatjs/fast-memoize": "2.2.7", "@formatjs/icu-messageformat-parser": "2.11.4", "tslib": "^2.8.0" } }, "sha512-m3Ofv/X/tV8Y3tHXLohcuVuhWKo7BBq62cqY15etqmLxg2DZ34AGGgQDeR+SCta2+zICb1NX83af0GJmbQ1++g=="],

    "jotai": ["jotai@2.15.0", "", { "peerDependencies": { "@babel/core": ">=7.0.0", "@babel/template": ">=7.0.0", "@types/react": ">=17.0.0", "react": ">=17.0.0" }, "optionalPeers": ["@babel/core", "@babel/template", "@types/react", "react"] }, "sha512-nbp/6jN2Ftxgw0VwoVnOg0m5qYM1rVcfvij+MZx99Z5IK13eGve9FJoCwGv+17JvVthTjhSmNtT5e1coJnr6aw=="],

    "lie": ["lie@3.1.1", "", { "dependencies": { "immediate": "~3.0.5" } }, "sha512-RiNhHysUjhrDQntfYSfY4MU24coXXdEOgw9WGcKHNeEwffDYbF//u87M1EWaMGzuFoSbqW0C9C6lEEhDOAswfw=="],

    "linkify-it": ["linkify-it@5.0.0", "", { "dependencies": { "uc.micro": "^2.0.0" } }, "sha512-5aHCbzQRADcdP+ATqnDuhhJ/MRIqDkZX5pyjFHRRysS8vZ5AbqGEoFIb6pYHPZ+L/OC2Lc+xT8uHVVR5CAK/wQ=="],

    "linkifyjs": ["linkifyjs@4.3.2", "", {}, "sha512-NT1CJtq3hHIreOianA8aSXn6Cw0JzYOuDQbOrSPe7gqFnCpKP++MQe3ODgO3oh2GJFORkAAdqredOa60z63GbA=="],

    "localforage": ["localforage@1.10.0", "", { "dependencies": { "lie": "3.1.1" } }, "sha512-14/H1aX7hzBBmmh7sGPd+AOMkkIrHM3Z1PAyGgZigA1H1p5O5ANnMyWzvpAETtG68/dC4pC0ncy3+PPGzXZHPg=="],

    "markdown-it": ["markdown-it@14.1.0", "", { "dependencies": { "argparse": "^2.0.1", "entities": "^4.4.0", "linkify-it": "^5.0.0", "mdurl": "^2.0.0", "punycode.js": "^2.3.1", "uc.micro": "^2.1.0" }, "bin": { "markdown-it": "bin/markdown-it.mjs" } }, "sha512-a54IwgWPaeBCAAsv13YgmALOF1elABB08FxO9i+r4VFk5Vl4pKokRPeX8u5TCgSsPi6ec1otfLjdOpVcgbpshg=="],

    "marked": ["marked@16.4.1", "", { "bin": { "marked": "bin/marked.js" } }, "sha512-ntROs7RaN3EvWfy3EZi14H4YxmT6A5YvywfhO+0pm+cH/dnSQRmdAmoFIc3B9aiwTehyk7pESH4ofyBY+V5hZg=="],

    "match-sorter": ["match-sorter@8.1.0", "", { "dependencies": { "@babel/runtime": "^7.23.8", "remove-accents": "0.5.0" } }, "sha512-0HX3BHPixkbECX+Vt7nS1vJ6P2twPgGTU3PMXjWrl1eyVCL24tFHeyYN1FN5RKLzve0TyzNI9qntqQGbebnfPQ=="],

    "mdurl": ["mdurl@2.0.0", "", {}, "sha512-Lf+9+2r+Tdp5wXDXC4PcIBjTDtq4UKjCPMQhKIuzpJNW0b96kVqSwW0bT7FhRSfmAiFYgP+SCRvdrDozfh0U5w=="],

    "mobx": ["mobx@6.15.0", "", {}, "sha512-UczzB+0nnwGotYSgllfARAqWCJ5e/skuV2K/l+Zyck/H6pJIhLXuBnz+6vn2i211o7DtbE78HQtsYEKICHGI+g=="],

    "motion": ["motion@12.23.24", "", { "dependencies": { "framer-motion": "^12.23.24", "tslib": "^2.4.0" }, "peerDependencies": { "@emotion/is-prop-valid": "*", "react": "^18.0.0 || ^19.0.0", "react-dom": "^18.0.0 || ^19.0.0" }, "optionalPeers": ["@emotion/is-prop-valid", "react", "react-dom"] }, "sha512-Rc5E7oe2YZ72N//S3QXGzbnXgqNrTESv8KKxABR20q2FLch9gHLo0JLyYo2hZ238bZ9Gx6cWhj9VO0IgwbMjCw=="],

    "motion-dom": ["motion-dom@12.23.23", "", { "dependencies": { "motion-utils": "^12.23.6" } }, "sha512-n5yolOs0TQQBRUFImrRfs/+6X4p3Q4n1dUEqt/H58Vx7OW6RF+foWEgmTVDhIWJIMXOuNNL0apKH2S16en9eiA=="],

    "motion-utils": ["motion-utils@12.23.6", "", {}, "sha512-eAWoPgr4eFEOFfg2WjIsMoqJTW6Z8MTUCgn/GZ3VRpClWBdnbjryiA3ZSNLyxCTmCQx4RmYX6jX1iWHbenUPNQ=="],

    "nanostores": ["nanostores@1.0.1", "", {}, "sha512-kNZ9xnoJYKg/AfxjrVL4SS0fKX++4awQReGqWnwTRHxeHGZ1FJFVgTqr/eMrNQdp0Tz7M7tG/TDaX8QfHDwVCw=="],

    "orderedmap": ["orderedmap@2.1.1", "", {}, "sha512-TvAWxi0nDe1j/rtMcWcIj94+Ffe6n7zhow33h40SKxmsmozs6dz/e+EajymfoFcHd7sxNn8yHM8839uixMOV6g=="],

    "prosemirror-changeset": ["prosemirror-changeset@2.3.1", "", { "dependencies": { "prosemirror-transform": "^1.0.0" } }, "sha512-j0kORIBm8ayJNl3zQvD1TTPHJX3g042et6y/KQhZhnPrruO8exkTgG8X+NRpj7kIyMMEx74Xb3DyMIBtO0IKkQ=="],

    "prosemirror-collab": ["prosemirror-collab@1.3.1", "", { "dependencies": { "prosemirror-state": "^1.0.0" } }, "sha512-4SnynYR9TTYaQVXd/ieUvsVV4PDMBzrq2xPUWutHivDuOshZXqQ5rGbZM84HEaXKbLdItse7weMGOUdDVcLKEQ=="],

    "prosemirror-commands": ["prosemirror-commands@1.7.1", "", { "dependencies": { "prosemirror-model": "^1.0.0", "prosemirror-state": "^1.0.0", "prosemirror-transform": "^1.10.2" } }, "sha512-rT7qZnQtx5c0/y/KlYaGvtG411S97UaL6gdp6RIZ23DLHanMYLyfGBV5DtSnZdthQql7W+lEVbpSfwtO8T+L2w=="],

    "prosemirror-dropcursor": ["prosemirror-dropcursor@1.8.2", "", { "dependencies": { "prosemirror-state": "^1.0.0", "prosemirror-transform": "^1.1.0", "prosemirror-view": "^1.1.0" } }, "sha512-CCk6Gyx9+Tt2sbYk5NK0nB1ukHi2ryaRgadV/LvyNuO3ena1payM2z6Cg0vO1ebK8cxbzo41ku2DE5Axj1Zuiw=="],

    "prosemirror-gapcursor": ["prosemirror-gapcursor@1.4.0", "", { "dependencies": { "prosemirror-keymap": "^1.0.0", "prosemirror-model": "^1.0.0", "prosemirror-state": "^1.0.0", "prosemirror-view": "^1.0.0" } }, "sha512-z00qvurSdCEWUIulij/isHaqu4uLS8r/Fi61IbjdIPJEonQgggbJsLnstW7Lgdk4zQ68/yr6B6bf7sJXowIgdQ=="],

    "prosemirror-history": ["prosemirror-history@1.4.1", "", { "dependencies": { "prosemirror-state": "^1.2.2", "prosemirror-transform": "^1.0.0", "prosemirror-view": "^1.31.0", "rope-sequence": "^1.3.0" } }, "sha512-2JZD8z2JviJrboD9cPuX/Sv/1ChFng+xh2tChQ2X4bB2HeK+rra/bmJ3xGntCcjhOqIzSDG6Id7e8RJ9QPXLEQ=="],

    "prosemirror-inputrules": ["prosemirror-inputrules@1.5.1", "", { "dependencies": { "prosemirror-state": "^1.0.0", "prosemirror-transform": "^1.0.0" } }, "sha512-7wj4uMjKaXWAQ1CDgxNzNtR9AlsuwzHfdFH1ygEHA2KHF2DOEaXl1CJfNPAKCg9qNEh4rum975QLaCiQPyY6Fw=="],

    "prosemirror-keymap": ["prosemirror-keymap@1.2.3", "", { "dependencies": { "prosemirror-state": "^1.0.0", "w3c-keyname": "^2.2.0" } }, "sha512-4HucRlpiLd1IPQQXNqeo81BGtkY8Ai5smHhKW9jjPKRc2wQIxksg7Hl1tTI2IfT2B/LgX6bfYvXxEpJl7aKYKw=="],

    "prosemirror-markdown": ["prosemirror-markdown@1.13.2", "", { "dependencies": { "@types/markdown-it": "^14.0.0", "markdown-it": "^14.0.0", "prosemirror-model": "^1.25.0" } }, "sha512-FPD9rHPdA9fqzNmIIDhhnYQ6WgNoSWX9StUZ8LEKapaXU9i6XgykaHKhp6XMyXlOWetmaFgGDS/nu/w9/vUc5g=="],

    "prosemirror-menu": ["prosemirror-menu@1.2.5", "", { "dependencies": { "crelt": "^1.0.0", "prosemirror-commands": "^1.0.0", "prosemirror-history": "^1.0.0", "prosemirror-state": "^1.0.0" } }, "sha512-qwXzynnpBIeg1D7BAtjOusR+81xCp53j7iWu/IargiRZqRjGIlQuu1f3jFi+ehrHhWMLoyOQTSRx/IWZJqOYtQ=="],

    "prosemirror-model": ["prosemirror-model@1.25.3", "", { "dependencies": { "orderedmap": "^2.0.0" } }, "sha512-dY2HdaNXlARknJbrManZ1WyUtos+AP97AmvqdOQtWtrrC5g4mohVX5DTi9rXNFSk09eczLq9GuNTtq3EfMeMGA=="],

    "prosemirror-schema-basic": ["prosemirror-schema-basic@1.2.4", "", { "dependencies": { "prosemirror-model": "^1.25.0" } }, "sha512-ELxP4TlX3yr2v5rM7Sb70SqStq5NvI15c0j9j/gjsrO5vaw+fnnpovCLEGIcpeGfifkuqJwl4fon6b+KdrODYQ=="],

    "prosemirror-schema-list": ["prosemirror-schema-list@1.5.1", "", { "dependencies": { "prosemirror-model": "^1.0.0", "prosemirror-state": "^1.0.0", "prosemirror-transform": "^1.7.3" } }, "sha512-927lFx/uwyQaGwJxLWCZRkjXG0p48KpMj6ueoYiu4JX05GGuGcgzAy62dfiV8eFZftgyBUvLx76RsMe20fJl+Q=="],

    "prosemirror-state": ["prosemirror-state@1.4.3", "", { "dependencies": { "prosemirror-model": "^1.0.0", "prosemirror-transform": "^1.0.0", "prosemirror-view": "^1.27.0" } }, "sha512-goFKORVbvPuAQaXhpbemJFRKJ2aixr+AZMGiquiqKxaucC6hlpHNZHWgz5R7dS4roHiwq9vDctE//CZ++o0W1Q=="],

    "prosemirror-tables": ["prosemirror-tables@1.8.1", "", { "dependencies": { "prosemirror-keymap": "^1.2.2", "prosemirror-model": "^1.25.0", "prosemirror-state": "^1.4.3", "prosemirror-transform": "^1.10.3", "prosemirror-view": "^1.39.1" } }, "sha512-DAgDoUYHCcc6tOGpLVPSU1k84kCUWTWnfWX3UDy2Delv4ryH0KqTD6RBI6k4yi9j9I8gl3j8MkPpRD/vWPZbug=="],

    "prosemirror-trailing-node": ["prosemirror-trailing-node@3.0.0", "", { "dependencies": { "@remirror/core-constants": "3.0.0", "escape-string-regexp": "^4.0.0" }, "peerDependencies": { "prosemirror-model": "^1.22.1", "prosemirror-state": "^1.4.2", "prosemirror-view": "^1.33.8" } }, "sha512-xiun5/3q0w5eRnGYfNlW1uU9W6x5MoFKWwq/0TIRgt09lv7Hcser2QYV8t4muXbEr+Fwo0geYn79Xs4GKywrRQ=="],

    "prosemirror-transform": ["prosemirror-transform@1.10.4", "", { "dependencies": { "prosemirror-model": "^1.21.0" } }, "sha512-pwDy22nAnGqNR1feOQKHxoFkkUtepoFAd3r2hbEDsnf4wp57kKA36hXsB3njA9FtONBEwSDnDeCiJe+ItD+ykw=="],

    "prosemirror-view": ["prosemirror-view@1.41.3", "", { "dependencies": { "prosemirror-model": "^1.20.0", "prosemirror-state": "^1.0.0", "prosemirror-transform": "^1.1.0" } }, "sha512-SqMiYMUQNNBP9kfPhLO8WXEk/fon47vc52FQsUiJzTBuyjKgEcoAwMyF04eQ4WZ2ArMn7+ReypYL60aKngbACQ=="],

    "proxy-compare": ["proxy-compare@3.0.1", "", {}, "sha512-V9plBAt3qjMlS1+nC8771KNf6oJ12gExvaxnNzN/9yVRLdTv/lc+oJlnSzrdYDAvBfTStPCoiaCOTmTs0adv7Q=="],

    "punycode.js": ["punycode.js@2.3.1", "", {}, "sha512-uxFIHU0YlHYhDQtV4R9J6a52SLx28BCjT+4ieh7IGbgwVJWO+km431c4yRlREUAsAmt/uMjQUyQHNEPf0M39CA=="],

    "react": ["react@19.2.0", "", {}, "sha512-tmbWg6W31tQLeB5cdIBOicJDJRR2KzXsV7uSK9iNfLWQ5bIZfxuPEHp7M8wiHyHnn0DD1i7w3Zmin0FtkrwoCQ=="],

    "redux": ["redux@5.0.1", "", {}, "sha512-M9/ELqF6fy8FwmkpnF0S3YKOqMyoWJ4+CS5Efg2ct3oY9daQvd/Pc71FpGZsVsbl3Cpb+IIcjBDUnnyBdQbq4w=="],

    "redux-thunk": ["redux-thunk@3.1.0", "", { "peerDependencies": { "redux": "^5.0.0" } }, "sha512-NW2r5T6ksUKXCabzhL9z+h206HQw/NJkcLm1GPImRQ8IzfXwRGqjVhKJGauHirT0DAuyy6hjdnMZaRoAcy0Klw=="],

    "remove-accents": ["remove-accents@0.5.0", "", {}, "sha512-8g3/Otx1eJaVD12e31UbJj1YzdtVvzH85HV7t+9MJYk/u3XmkOUJ5Ys9wQrf9PCPK8+xn4ymzqYCiZl6QWKn+A=="],

    "reselect": ["reselect@5.1.1", "", {}, "sha512-K/BG6eIky/SBpzfHZv/dd+9JBFiS4SWV7FIujVyJRux6e45+73RaUHXLmIR1f7WOMaQ0U1km6qwklRQxpJJY0w=="],

    "rope-sequence": ["rope-sequence@1.3.4", "", {}, "sha512-UT5EDe2cu2E/6O4igUr5PSFs23nvvukicWHx6GnOPlHAiiYbzNuCRQCuiUdHJQcqKalLKlrYJnjY0ySGsXNQXQ=="],

    "rxjs": ["rxjs@7.8.2", "", { "dependencies": { "tslib": "^2.1.0" } }, "sha512-dhKf903U/PQZY6boNNtAGdWbG85WAbjT/1xYoZIC7FAY0yWapOBQVsVrDl58W86//e1VpMNBtRV4MaXfdMySFA=="],

    "tailwindcss": ["tailwindcss@4.1.15", "", {}, "sha512-k2WLnWkYFkdpRv+Oby3EBXIyQC8/s1HOFMBUViwtAh6Z5uAozeUSMQlIsn/c6Q2iJzqG6aJT3wdPaRNj70iYxQ=="],

    "tslib": ["tslib@2.8.1", "", {}, "sha512-oJFu94HQb+KVduSUQL7wnpmqnfmLsOA/nAh6b6EH0wCEoK0/mPeXU6c3wKDV83MkOuHPRHtSXKKU99IBazS/2w=="],

    "typescript": ["typescript@5.9.3", "", { "bin": { "tsc": "bin/tsc", "tsserver": "bin/tsserver" } }, "sha512-jl1vZzPDinLr9eUt3J/t7V6FgNEw9QjvBPdysz9KfQDD41fQrC2Y4vKQdiaUpFT4bXlb1RHhLpp8wtm6M5TgSw=="],

    "uc.micro": ["uc.micro@2.1.0", "", {}, "sha512-ARDJmphmdvUk6Glw7y9DQ2bFkKBHwQHLi2lsaH6PPmz/Ka9sFOBsBluozhDltWmnv9u/cF6Rt87znRTPV+yp/A=="],

    "undici-types": ["undici-types@7.14.0", "", {}, "sha512-QQiYxHuyZ9gQUIrmPo3IA+hUl4KYk8uSA7cHrcKd/l3p1OTpZcM0Tbp9x7FAtXdAYhlasd60ncPpgu6ihG6TOA=="],

    "use-sync-external-store": ["use-sync-external-store@1.6.0", "", { "peerDependencies": { "react": "^16.8.0 || ^17.0.0 || ^18.0.0 || ^19.0.0" } }, "sha512-Pp6GSwGP/NrPIrxVFAIkOQeyw8lFenOHijQWkUTrDvrF4ALqylP2C/KCkeS9dpUM3KvYRQhna5vt7IL95+ZQ9w=="],

    "valtio": ["valtio@2.1.8", "", { "dependencies": { "proxy-compare": "^3.0.1" }, "peerDependencies": { "@types/react": ">=18.0.0", "react": ">=18.0.0" }, "optionalPeers": ["@types/react", "react"] }, "sha512-fjTPbJyKEmfVBZUOh3V0OtMHoFUGr4+4XpejjxhNJE/IS2l8rDbyJuzi3w/fZWBDyk7BJOpG+lmvTK5iiVhXuQ=="],

    "w3c-keyname": ["w3c-keyname@2.2.8", "", {}, "sha512-dpojBhNsCNN7T82Tm7k26A6G9ML3NkhDsnw9n/eoxSRlVBB4CEtIQ/KTCLI2Fwf3ataSXRhYFkQi3SlnFwPvPQ=="],

    "xstate": ["xstate@5.23.0", "", {}, "sha512-jo126xWXkU6ySQ91n51+H2xcgnMuZcCQpQoD3FQ79d32a6RQvryRh8rrDHnH4WDdN/yg5xNjlIRol9ispMvzeg=="],

    "zod": ["zod@4.1.12", "", {}, "sha512-JInaHOamG8pt5+Ey8kGmdcAcg3OL9reK8ltczgHTAwNhMys/6ThXHityHxVV2p3fkw/c+MAvBHFVYHFZDmjMCQ=="],

    "zustand": ["zustand@5.0.8", "", { "peerDependencies": { "@types/react": ">=18.0.0", "immer": ">=9.0.6", "react": ">=18.0.0", "use-sync-external-store": ">=1.2.0" }, "optionalPeers": ["@types/react", "immer", "react", "use-sync-external-store"] }, "sha512-gyPKpIaxY9XcO2vSMrLbiER7QMAMGOQZVRdJ6Zi782jkbzZygq5GI9nG8g+sMgitRtndwaBSl7uiqC49o1SSiw=="],
  }
}
